// !$*UTF8*$!
{
	archiveVersion = 1;
	classes = {
	};
	objectVersion = 46;
	objects = {

/* Begin PBXBuildFile section */
		5211B9231BDD25FD008B9154 /* AppDelegate.swift in Sources */ = {isa = PBXBuildFile; fileRef = 5211B9221BDD25FD008B9154 /* AppDelegate.swift */; };
		5211B9251BDD25FD008B9154 /* GameScene.swift in Sources */ = {isa = PBXBuildFile; fileRef = 5211B9241BDD25FD008B9154 /* GameScene.swift */; };
		5211B9271BDD25FD008B9154 /* GameScene.sks in Resources */ = {isa = PBXBuildFile; fileRef = 5211B9261BDD25FD008B9154 /* GameScene.sks */; };
		5211B9291BDD25FD008B9154 /* Assets.xcassets in Resources */ = {isa = PBXBuildFile; fileRef = 5211B9281BDD25FD008B9154 /* Assets.xcassets */; };
		5211B92C1BDD25FD008B9154 /* MainMenu.xib in Resources */ = {isa = PBXBuildFile; fileRef = 5211B92A1BDD25FD008B9154 /* MainMenu.xib */; };
		5211B9351BDD2D70008B9154 /* CameraViewController.swift in Sources */ = {isa = PBXBuildFile; fileRef = 5211B9331BDD2D70008B9154 /* CameraViewController.swift */; settings = {ASSET_TAGS = (); }; };
		5211B9381BDD322E008B9154 /* Storyboard.storyboard in Resources */ = {isa = PBXBuildFile; fileRef = 5211B9371BDD322E008B9154 /* Storyboard.storyboard */; settings = {ASSET_TAGS = (); }; };
		5257484E1BDD4F74002E16CD /* CVWrapper.mm in Sources */ = {isa = PBXBuildFile; fileRef = 5257484D1BDD4F74002E16CD /* CVWrapper.mm */; settings = {ASSET_TAGS = (); }; };
		525748521BDD51EE002E16CD /* CV.cpp in Sources */ = {isa = PBXBuildFile; fileRef = 525748501BDD51EE002E16CD /* CV.cpp */; settings = {ASSET_TAGS = (); }; };
/* End PBXBuildFile section */

/* Begin PBXFileReference section */
		5211B91F1BDD25FD008B9154 /* Phototrope-osx.app */ = {isa = PBXFileReference; explicitFileType = wrapper.application; includeInIndex = 0; path = "Phototrope-osx.app"; sourceTree = BUILT_PRODUCTS_DIR; };
		5211B9221BDD25FD008B9154 /* AppDelegate.swift */ = {isa = PBXFileReference; lastKnownFileType = sourcecode.swift; path = AppDelegate.swift; sourceTree = "<group>"; };
		5211B9241BDD25FD008B9154 /* GameScene.swift */ = {isa = PBXFileReference; lastKnownFileType = sourcecode.swift; path = GameScene.swift; sourceTree = "<group>"; };
		5211B9261BDD25FD008B9154 /* GameScene.sks */ = {isa = PBXFileReference; lastKnownFileType = file.sks; path = GameScene.sks; sourceTree = "<group>"; };
		5211B9281BDD25FD008B9154 /* Assets.xcassets */ = {isa = PBXFileReference; lastKnownFileType = folder.assetcatalog; path = Assets.xcassets; sourceTree = "<group>"; };
		5211B92B1BDD25FD008B9154 /* Base */ = {isa = PBXFileReference; lastKnownFileType = file.xib; name = Base; path = Base.lproj/MainMenu.xib; sourceTree = "<group>"; };
		5211B92D1BDD25FD008B9154 /* Info.plist */ = {isa = PBXFileReference; lastKnownFileType = text.plist.xml; path = Info.plist; sourceTree = "<group>"; };
		5211B9331BDD2D70008B9154 /* CameraViewController.swift */ = {isa = PBXFileReference; fileEncoding = 4; lastKnownFileType = sourcecode.swift; path = CameraViewController.swift; sourceTree = "<group>"; };
		5211B9371BDD322E008B9154 /* Storyboard.storyboard */ = {isa = PBXFileReference; fileEncoding = 4; lastKnownFileType = file.storyboard; path = Storyboard.storyboard; sourceTree = "<group>"; };
		5257484B1BDD4E3E002E16CD /* CVWrapper.h */ = {isa = PBXFileReference; fileEncoding = 4; lastKnownFileType = sourcecode.c.h; path = CVWrapper.h; sourceTree = "<group>"; };
		5257484C1BDD4F74002E16CD /* Phototrope-osx-Bridging-Header.h */ = {isa = PBXFileReference; lastKnownFileType = sourcecode.c.h; path = "Phototrope-osx-Bridging-Header.h"; sourceTree = "<group>"; };
		5257484D1BDD4F74002E16CD /* CVWrapper.mm */ = {isa = PBXFileReference; fileEncoding = 4; lastKnownFileType = sourcecode.cpp.objcpp; path = CVWrapper.mm; sourceTree = "<group>"; };
		525748501BDD51EE002E16CD /* CV.cpp */ = {isa = PBXFileReference; fileEncoding = 4; lastKnownFileType = sourcecode.cpp.cpp; path = CV.cpp; sourceTree = "<group>"; };
		525748511BDD51EE002E16CD /* CV.hpp */ = {isa = PBXFileReference; fileEncoding = 4; lastKnownFileType = sourcecode.cpp.h; path = CV.hpp; sourceTree = "<group>"; };
/* End PBXFileReference section */

/* Begin PBXFrameworksBuildPhase section */
		5211B91C1BDD25FD008B9154 /* Frameworks */ = {
			isa = PBXFrameworksBuildPhase;
			buildActionMask = 2147483647;
			files = (
			);
			runOnlyForDeploymentPostprocessing = 0;
		};
/* End PBXFrameworksBuildPhase section */

/* Begin PBXGroup section */
		5211B9161BDD25FD008B9154 = {
			isa = PBXGroup;
			children = (
				5211B9211BDD25FD008B9154 /* Phototrope-osx */,
				5211B9201BDD25FD008B9154 /* Products */,
			);
			sourceTree = "<group>";
		};
		5211B9201BDD25FD008B9154 /* Products */ = {
			isa = PBXGroup;
			children = (
				5211B91F1BDD25FD008B9154 /* Phototrope-osx.app */,
			);
			name = Products;
			sourceTree = "<group>";
		};
		5211B9211BDD25FD008B9154 /* Phototrope-osx */ = {
			isa = PBXGroup;
			children = (
				5211B9221BDD25FD008B9154 /* AppDelegate.swift */,
				5211B9241BDD25FD008B9154 /* GameScene.swift */,
				5211B9261BDD25FD008B9154 /* GameScene.sks */,
				5211B9281BDD25FD008B9154 /* Assets.xcassets */,
				5211B92A1BDD25FD008B9154 /* MainMenu.xib */,
				5211B92D1BDD25FD008B9154 /* Info.plist */,
				5211B9331BDD2D70008B9154 /* CameraViewController.swift */,
				5211B9371BDD322E008B9154 /* Storyboard.storyboard */,
				5257484B1BDD4E3E002E16CD /* CVWrapper.h */,
				5257484D1BDD4F74002E16CD /* CVWrapper.mm */,
				5257484C1BDD4F74002E16CD /* Phototrope-osx-Bridging-Header.h */,
				525748501BDD51EE002E16CD /* CV.cpp */,
				525748511BDD51EE002E16CD /* CV.hpp */,
			);
			path = "Phototrope-osx";
			sourceTree = "<group>";
		};
/* End PBXGroup section */

/* Begin PBXNativeTarget section */
		5211B91E1BDD25FD008B9154 /* Phototrope-osx */ = {
			isa = PBXNativeTarget;
			buildConfigurationList = 5211B9301BDD25FD008B9154 /* Build configuration list for PBXNativeTarget "Phototrope-osx" */;
			buildPhases = (
				5211B91B1BDD25FD008B9154 /* Sources */,
				5211B91C1BDD25FD008B9154 /* Frameworks */,
				5211B91D1BDD25FD008B9154 /* Resources */,
			);
			buildRules = (
			);
			dependencies = (
			);
			name = "Phototrope-osx";
			productName = "Phototrope-osx";
			productReference = 5211B91F1BDD25FD008B9154 /* Phototrope-osx.app */;
			productType = "com.apple.product-type.application";
		};
/* End PBXNativeTarget section */

/* Begin PBXProject section */
		5211B9171BDD25FD008B9154 /* Project object */ = {
			isa = PBXProject;
			attributes = {
				LastSwiftUpdateCheck = 0700;
				LastUpgradeCheck = 0700;
				ORGANIZATIONNAME = "Everyside Innovations, LLC";
				TargetAttributes = {
					5211B91E1BDD25FD008B9154 = {
						CreatedOnToolsVersion = 7.0.1;
					};
				};
			};
			buildConfigurationList = 5211B91A1BDD25FD008B9154 /* Build configuration list for PBXProject "Phototrope-osx" */;
			compatibilityVersion = "Xcode 3.2";
			developmentRegion = English;
			hasScannedForEncodings = 0;
			knownRegions = (
				en,
				Base,
			);
			mainGroup = 5211B9161BDD25FD008B9154;
			productRefGroup = 5211B9201BDD25FD008B9154 /* Products */;
			projectDirPath = "";
			projectRoot = "";
			targets = (
				5211B91E1BDD25FD008B9154 /* Phototrope-osx */,
			);
		};
/* End PBXProject section */

/* Begin PBXResourcesBuildPhase section */
		5211B91D1BDD25FD008B9154 /* Resources */ = {
			isa = PBXResourcesBuildPhase;
			buildActionMask = 2147483647;
			files = (
				5211B9291BDD25FD008B9154 /* Assets.xcassets in Resources */,
				5211B9271BDD25FD008B9154 /* GameScene.sks in Resources */,
				5211B92C1BDD25FD008B9154 /* MainMenu.xib in Resources */,
				5211B9381BDD322E008B9154 /* Storyboard.storyboard in Resources */,
			);
			runOnlyForDeploymentPostprocessing = 0;
		};
/* End PBXResourcesBuildPhase section */

/* Begin PBXSourcesBuildPhase section */
		5211B91B1BDD25FD008B9154 /* Sources */ = {
			isa = PBXSourcesBuildPhase;
			buildActionMask = 2147483647;
			files = (
				525748521BDD51EE002E16CD /* CV.cpp in Sources */,
				5257484E1BDD4F74002E16CD /* CVWrapper.mm in Sources */,
				5211B9251BDD25FD008B9154 /* GameScene.swift in Sources */,
				5211B9231BDD25FD008B9154 /* AppDelegate.swift in Sources */,
				5211B9351BDD2D70008B9154 /* CameraViewController.swift in Sources */,
			);
			runOnlyForDeploymentPostprocessing = 0;
		};
/* End PBXSourcesBuildPhase section */

/* Begin PBXVariantGroup section */
		5211B92A1BDD25FD008B9154 /* MainMenu.xib */ = {
			isa = PBXVariantGroup;
			children = (
				5211B92B1BDD25FD008B9154 /* Base */,
			);
			name = MainMenu.xib;
			sourceTree = "<group>";
		};
/* End PBXVariantGroup section */

/* Begin XCBuildConfiguration section */
		5211B92E1BDD25FD008B9154 /* Debug */ = {
			isa = XCBuildConfiguration;
			buildSettings = {
				ALWAYS_SEARCH_USER_PATHS = NO;
				CLANG_CXX_LANGUAGE_STANDARD = "gnu++0x";
				CLANG_CXX_LIBRARY = "libc++";
				CLANG_ENABLE_MODULES = YES;
				CLANG_ENABLE_OBJC_ARC = YES;
				CLANG_WARN_BOOL_CONVERSION = YES;
				CLANG_WARN_CONSTANT_CONVERSION = YES;
				CLANG_WARN_DIRECT_OBJC_ISA_USAGE = YES_ERROR;
				CLANG_WARN_EMPTY_BODY = YES;
				CLANG_WARN_ENUM_CONVERSION = YES;
				CLANG_WARN_INT_CONVERSION = YES;
				CLANG_WARN_OBJC_ROOT_CLASS = YES_ERROR;
				CLANG_WARN_UNREACHABLE_CODE = YES;
				CLANG_WARN__DUPLICATE_METHOD_MATCH = YES;
				CODE_SIGN_IDENTITY = "-";
				COPY_PHASE_STRIP = NO;
				DEBUG_INFORMATION_FORMAT = "dwarf-with-dsym";
				ENABLE_STRICT_OBJC_MSGSEND = YES;
				ENABLE_TESTABILITY = YES;
				GCC_C_LANGUAGE_STANDARD = gnu99;
				GCC_DYNAMIC_NO_PIC = NO;
				GCC_NO_COMMON_BLOCKS = YES;
				GCC_OPTIMIZATION_LEVEL = 0;
				GCC_PREPROCESSOR_DEFINITIONS = (
					"DEBUG=1",
					"$(inherited)",
				);
				GCC_WARN_64_TO_32_BIT_CONVERSION = YES;
				GCC_WARN_ABOUT_RETURN_TYPE = YES_ERROR;
				GCC_WARN_UNDECLARED_SELECTOR = YES;
				GCC_WARN_UNINITIALIZED_AUTOS = YES_AGGRESSIVE;
				GCC_WARN_UNUSED_FUNCTION = YES;
				GCC_WARN_UNUSED_VARIABLE = YES;
				MACOSX_DEPLOYMENT_TARGET = 10.11;
				MTL_ENABLE_DEBUG_INFO = YES;
				ONLY_ACTIVE_ARCH = YES;
				SDKROOT = macosx;
				SWIFT_OPTIMIZATION_LEVEL = "-Onone";
			};
			name = Debug;
		};
		5211B92F1BDD25FD008B9154 /* Release */ = {
			isa = XCBuildConfiguration;
			buildSettings = {
				ALWAYS_SEARCH_USER_PATHS = NO;
				CLANG_CXX_LANGUAGE_STANDARD = "gnu++0x";
				CLANG_CXX_LIBRARY = "libc++";
				CLANG_ENABLE_MODULES = YES;
				CLANG_ENABLE_OBJC_ARC = YES;
				CLANG_WARN_BOOL_CONVERSION = YES;
				CLANG_WARN_CONSTANT_CONVERSION = YES;
				CLANG_WARN_DIRECT_OBJC_ISA_USAGE = YES_ERROR;
				CLANG_WARN_EMPTY_BODY = YES;
				CLANG_WARN_ENUM_CONVERSION = YES;
				CLANG_WARN_INT_CONVERSION = YES;
				CLANG_WARN_OBJC_ROOT_CLASS = YES_ERROR;
				CLANG_WARN_UNREACHABLE_CODE = YES;
				CLANG_WARN__DUPLICATE_METHOD_MATCH = YES;
				CODE_SIGN_IDENTITY = "-";
				COPY_PHASE_STRIP = NO;
				DEBUG_INFORMATION_FORMAT = "dwarf-with-dsym";
				ENABLE_NS_ASSERTIONS = NO;
				ENABLE_STRICT_OBJC_MSGSEND = YES;
				GCC_C_LANGUAGE_STANDARD = gnu99;
				GCC_NO_COMMON_BLOCKS = YES;
				GCC_WARN_64_TO_32_BIT_CONVERSION = YES;
				GCC_WARN_ABOUT_RETURN_TYPE = YES_ERROR;
				GCC_WARN_UNDECLARED_SELECTOR = YES;
				GCC_WARN_UNINITIALIZED_AUTOS = YES_AGGRESSIVE;
				GCC_WARN_UNUSED_FUNCTION = YES;
				GCC_WARN_UNUSED_VARIABLE = YES;
				MACOSX_DEPLOYMENT_TARGET = 10.11;
				MTL_ENABLE_DEBUG_INFO = NO;
				SDKROOT = macosx;
			};
			name = Release;
		};
		5211B9311BDD25FD008B9154 /* Debug */ = {
			isa = XCBuildConfiguration;
			buildSettings = {
				ASSETCATALOG_COMPILER_APPICON_NAME = AppIcon;
				CLANG_ENABLE_MODULES = YES;
				COMBINE_HIDPI_IMAGES = YES;
				HEADER_SEARCH_PATHS = /usr/local/include;
				INFOPLIST_FILE = "Phototrope-osx/Info.plist";
				LD_RUNPATH_SEARCH_PATHS = "$(inherited) @executable_path/../Frameworks";
				LIBRARY_SEARCH_PATHS = " /usr/local/lib";
				OTHER_LDFLAGS = (
					"-lopencv_calib3d",
					"-lopencv_core",
					"-lopencv_features2d",
					"-lopencv_flann",
					"-lopencv_highgui",
					"-lopencv_imgproc",
					"-lopencv_ml",
					"-lopencv_objdetect",
					"-lopencv_photo",
					"-lopencv_stitching",
					"-lopencv_superres",
					"-lopencv_ts",
					"-lopencv_video",
					"-lopencv_videostab",
				);
				PRODUCT_BUNDLE_IDENTIFIER = "com.everyside.Phototrope-osx";
				PRODUCT_NAME = "$(TARGET_NAME)";
				SWIFT_OBJC_BRIDGING_HEADER = "Phototrope-osx/Phototrope-osx-Bridging-Header.h";
				SWIFT_OPTIMIZATION_LEVEL = "-Onone";
			};
			name = Debug;
		};
		5211B9321BDD25FD008B9154 /* Release */ = {
			isa = XCBuildConfiguration;
			buildSettings = {
				ASSETCATALOG_COMPILER_APPICON_NAME = AppIcon;
				CLANG_ENABLE_MODULES = YES;
				COMBINE_HIDPI_IMAGES = YES;
				HEADER_SEARCH_PATHS = /usr/local/include;
				INFOPLIST_FILE = "Phototrope-osx/Info.plist";
				LD_RUNPATH_SEARCH_PATHS = "$(inherited) @executable_path/../Frameworks";
				LIBRARY_SEARCH_PATHS = " /usr/local/lib";
				OTHER_LDFLAGS = (
					"-lopencv_calib3d",
					"-lopencv_core",
					"-lopencv_features2d",
					"-lopencv_flann",
					"-lopencv_highgui",
					"-lopencv_imgproc",
					"-lopencv_ml",
					"-lopencv_objdetect",
					"-lopencv_photo",
					"-lopencv_stitching",
					"-lopencv_superres",
					"-lopencv_ts",
					"-lopencv_video",
					"-lopencv_videostab",
				);
				PRODUCT_BUNDLE_IDENTIFIER = "com.everyside.Phototrope-osx";
				PRODUCT_NAME = "$(TARGET_NAME)";
				SWIFT_OBJC_BRIDGING_HEADER = "Phototrope-osx/Phototrope-osx-Bridging-Header.h";
			};
			name = Release;
		};
/* End XCBuildConfiguration section */

/* Begin XCConfigurationList section */
		5211B91A1BDD25FD008B9154 /* Build configuration list for PBXProject "Phototrope-osx" */ = {
			isa = XCConfigurationList;
			buildConfigurations = (
				5211B92E1BDD25FD008B9154 /* Debug */,
				5211B92F1BDD25FD008B9154 /* Release */,
			);
			defaultConfigurationIsVisible = 0;
			defaultConfigurationName = Release;
		};
		5211B9301BDD25FD008B9154 /* Build configuration list for PBXNativeTarget "Phototrope-osx" */ = {
			isa = XCConfigurationList;
			buildConfigurations = (
				5211B9311BDD25FD008B9154 /* Debug */,
				5211B9321BDD25FD008B9154 /* Release */,
			);
			defaultConfigurationIsVisible = 0;
			defaultConfigurationName = Release;
		};
/* End XCConfigurationList section */
	};
	rootObject = 5211B9171BDD25FD008B9154 /* Project object */;
}
