// !$*UTF8*$!
{
	archiveVersion = 1;
	classes = {
	};
	objectVersion = 46;
	objects = {

/* Begin PBXBuildFile section */
		5298D4101BD9E1DC007EF429 /* Podfile in Resources */ = {isa = PBXBuildFile; fileRef = 5298D40F1BD9E1DC007EF429 /* Podfile */; settings = {ASSET_TAGS = (); }; };
		5298D4131BD9E620007EF429 /* Scene.sks in Resources */ = {isa = PBXBuildFile; fileRef = 5298D4121BD9E620007EF429 /* Scene.sks */; settings = {ASSET_TAGS = (); }; };
		52AC56721BD97E6A003488AF /* AppDelegate.swift in Sources */ = {isa = PBXBuildFile; fileRef = 52AC56681BD97E6A003488AF /* AppDelegate.swift */; settings = {ASSET_TAGS = (); }; };
		52AC56731BD97E6A003488AF /* Assets.xcassets in Resources */ = {isa = PBXBuildFile; fileRef = 52AC56691BD97E6A003488AF /* Assets.xcassets */; settings = {ASSET_TAGS = (); }; };
		52AC56741BD97E6A003488AF /* LaunchScreen.storyboard in Resources */ = {isa = PBXBuildFile; fileRef = 52AC566B1BD97E6A003488AF /* LaunchScreen.storyboard */; settings = {ASSET_TAGS = (); }; };
		52AC56751BD97E6A003488AF /* Main.storyboard in Resources */ = {isa = PBXBuildFile; fileRef = 52AC566D1BD97E6A003488AF /* Main.storyboard */; settings = {ASSET_TAGS = (); }; };
		52AC56761BD97E6A003488AF /* DotScene.swift in Sources */ = {isa = PBXBuildFile; fileRef = 52AC566F1BD97E6A003488AF /* DotScene.swift */; settings = {ASSET_TAGS = (); }; };
		52AC567B1BD97F33003488AF /* MainViewController.swift in Sources */ = {isa = PBXBuildFile; fileRef = 52AC56791BD97F33003488AF /* MainViewController.swift */; settings = {ASSET_TAGS = (); }; };
		52AC567C1BD97F33003488AF /* MainViewController.xib in Resources */ = {isa = PBXBuildFile; fileRef = 52AC567A1BD97F33003488AF /* MainViewController.xib */; settings = {ASSET_TAGS = (); }; };
		52BA2A8D1BD9C83000369200 /* Particle.sks in Resources */ = {isa = PBXBuildFile; fileRef = 52BA2A8B1BD9C83000369200 /* Particle.sks */; settings = {ASSET_TAGS = (); }; };
/* End PBXBuildFile section */

/* Begin PBXFileReference section */
		5298D40F1BD9E1DC007EF429 /* Podfile */ = {isa = PBXFileReference; fileEncoding = 4; lastKnownFileType = text; path = Podfile; sourceTree = "<group>"; };
		5298D4121BD9E620007EF429 /* Scene.sks */ = {isa = PBXFileReference; lastKnownFileType = file.sks; path = Scene.sks; sourceTree = "<group>"; };
		52AC56671BD97E69003488AF /* Phototrope-Bridging-Header.h */ = {isa = PBXFileReference; lastKnownFileType = sourcecode.c.h; path = "Phototrope-Bridging-Header.h"; sourceTree = "<group>"; };
		52AC56681BD97E6A003488AF /* AppDelegate.swift */ = {isa = PBXFileReference; fileEncoding = 4; lastKnownFileType = sourcecode.swift; path = AppDelegate.swift; sourceTree = "<group>"; };
		52AC56691BD97E6A003488AF /* Assets.xcassets */ = {isa = PBXFileReference; lastKnownFileType = folder.assetcatalog; path = Assets.xcassets; sourceTree = "<group>"; };
		52AC566C1BD97E6A003488AF /* Base */ = {isa = PBXFileReference; lastKnownFileType = file.storyboard; name = Base; path = LaunchScreen.storyboard; sourceTree = "<group>"; };
		52AC566E1BD97E6A003488AF /* Base */ = {isa = PBXFileReference; lastKnownFileType = file.storyboard; name = Base; path = Main.storyboard; sourceTree = "<group>"; };
		52AC566F1BD97E6A003488AF /* DotScene.swift */ = {isa = PBXFileReference; fileEncoding = 4; lastKnownFileType = sourcecode.swift; path = DotScene.swift; sourceTree = "<group>"; };
		52AC56711BD97E6A003488AF /* Info.plist */ = {isa = PBXFileReference; fileEncoding = 4; lastKnownFileType = text.plist.xml; path = Info.plist; sourceTree = "<group>"; };
		52AC56791BD97F33003488AF /* MainViewController.swift */ = {isa = PBXFileReference; fileEncoding = 4; lastKnownFileType = sourcecode.swift; path = MainViewController.swift; sourceTree = "<group>"; };
		52AC567A1BD97F33003488AF /* MainViewController.xib */ = {isa = PBXFileReference; fileEncoding = 4; lastKnownFileType = file.xib; path = MainViewController.xib; sourceTree = "<group>"; };
		52AF0D1B1BD970720011CB59 /* Phototrope.app */ = {isa = PBXFileReference; explicitFileType = wrapper.application; includeInIndex = 0; path = Phototrope.app; sourceTree = BUILT_PRODUCTS_DIR; };
		52BA2A8B1BD9C83000369200 /* Particle.sks */ = {isa = PBXFileReference; lastKnownFileType = file.sks; path = Particle.sks; sourceTree = "<group>"; };
/* End PBXFileReference section */

/* Begin PBXFrameworksBuildPhase section */
		52AF0D181BD970720011CB59 /* Frameworks */ = {
			isa = PBXFrameworksBuildPhase;
			buildActionMask = 2147483647;
			files = (
			);
			runOnlyForDeploymentPostprocessing = 0;
		};
/* End PBXFrameworksBuildPhase section */

/* Begin PBXGroup section */
		5298D4111BD9E51E007EF429 /* App */ = {
			isa = PBXGroup;
			children = (
				52AC56691BD97E6A003488AF /* Assets.xcassets */,
				52AC56711BD97E6A003488AF /* Info.plist */,
				52AC566B1BD97E6A003488AF /* LaunchScreen.storyboard */,
				52AC566D1BD97E6A003488AF /* Main.storyboard */,
				5298D40F1BD9E1DC007EF429 /* Podfile */,
			);
			name = App;
			sourceTree = "<group>";
		};
		52AF0D121BD970720011CB59 = {
			isa = PBXGroup;
			children = (
				5298D4121BD9E620007EF429 /* Scene.sks */,
				52AC566F1BD97E6A003488AF /* DotScene.swift */,
				52BA2A8B1BD9C83000369200 /* Particle.sks */,
				52AC56791BD97F33003488AF /* MainViewController.swift */,
				52AC567A1BD97F33003488AF /* MainViewController.xib */,
				52AC56681BD97E6A003488AF /* AppDelegate.swift */,
				5298D4111BD9E51E007EF429 /* App */,
				52AF0D1C1BD970720011CB59 /* Products */,
				52AC56671BD97E69003488AF /* Phototrope-Bridging-Header.h */,
			);
			sourceTree = "<group>";
		};
		52AF0D1C1BD970720011CB59 /* Products */ = {
			isa = PBXGroup;
			children = (
				52AF0D1B1BD970720011CB59 /* Phototrope.app */,
			);
			name = Products;
			sourceTree = "<group>";
		};
/* End PBXGroup section */

/* Begin PBXNativeTarget section */
		52AF0D1A1BD970720011CB59 /* Phototrope */ = {
			isa = PBXNativeTarget;
			buildConfigurationList = 52AF0D471BD970720011CB59 /* Build configuration list for PBXNativeTarget "Phototrope" */;
			buildPhases = (
				52AF0D171BD970720011CB59 /* Sources */,
				52AF0D181BD970720011CB59 /* Frameworks */,
				52AF0D191BD970720011CB59 /* Resources */,
			);
			buildRules = (
			);
			dependencies = (
			);
			name = Phototrope;
			productName = Phototrope;
			productReference = 52AF0D1B1BD970720011CB59 /* Phototrope.app */;
			productType = "com.apple.product-type.application";
		};
/* End PBXNativeTarget section */

/* Begin PBXProject section */
		52AF0D131BD970720011CB59 /* Project object */ = {
			isa = PBXProject;
			attributes = {
				LastSwiftUpdateCheck = 0700;
				LastUpgradeCheck = 0700;
				ORGANIZATIONNAME = "Everyside Innovations, LLC";
				TargetAttributes = {
					52AF0D1A1BD970720011CB59 = {
						CreatedOnToolsVersion = 7.0.1;
						DevelopmentTeam = CD5EHLP73Q;
					};
				};
			};
			buildConfigurationList = 52AF0D161BD970720011CB59 /* Build configuration list for PBXProject "Phototrope" */;
			compatibilityVersion = "Xcode 3.2";
			developmentRegion = English;
			hasScannedForEncodings = 0;
			knownRegions = (
				en,
				Base,
			);
			mainGroup = 52AF0D121BD970720011CB59;
			productRefGroup = 52AF0D1C1BD970720011CB59 /* Products */;
			projectDirPath = "";
			projectRoot = "";
			targets = (
				52AF0D1A1BD970720011CB59 /* Phototrope */,
			);
		};
/* End PBXProject section */

/* Begin PBXResourcesBuildPhase section */
		52AF0D191BD970720011CB59 /* Resources */ = {
			isa = PBXResourcesBuildPhase;
			buildActionMask = 2147483647;
			files = (
				52AC56751BD97E6A003488AF /* Main.storyboard in Resources */,
				5298D4131BD9E620007EF429 /* Scene.sks in Resources */,
				52BA2A8D1BD9C83000369200 /* Particle.sks in Resources */,
				52AC56731BD97E6A003488AF /* Assets.xcassets in Resources */,
				52AC56741BD97E6A003488AF /* LaunchScreen.storyboard in Resources */,
				5298D4101BD9E1DC007EF429 /* Podfile in Resources */,
				52AC567C1BD97F33003488AF /* MainViewController.xib in Resources */,
			);
			runOnlyForDeploymentPostprocessing = 0;
		};
/* End PBXResourcesBuildPhase section */

/* Begin PBXSourcesBuildPhase section */
		52AF0D171BD970720011CB59 /* Sources */ = {
			isa = PBXSourcesBuildPhase;
			buildActionMask = 2147483647;
			files = (
				52AC56761BD97E6A003488AF /* DotScene.swift in Sources */,
				52AC56721BD97E6A003488AF /* AppDelegate.swift in Sources */,
				52AC567B1BD97F33003488AF /* MainViewController.swift in Sources */,
			);
			runOnlyForDeploymentPostprocessing = 0;
		};
/* End PBXSourcesBuildPhase section */

/* Begin PBXVariantGroup section */
		52AC566B1BD97E6A003488AF /* LaunchScreen.storyboard */ = {
			isa = PBXVariantGroup;
			children = (
				52AC566C1BD97E6A003488AF /* Base */,
			);
			name = LaunchScreen.storyboard;
			path = Base.lproj;
			sourceTree = "<group>";
		};
		52AC566D1BD97E6A003488AF /* Main.storyboard */ = {
			isa = PBXVariantGroup;
			children = (
				52AC566E1BD97E6A003488AF /* Base */,
			);
			name = Main.storyboard;
			path = Base.lproj;
			sourceTree = "<group>";
		};
/* End PBXVariantGroup section */

/* Begin XCBuildConfiguration section */
		52AF0D451BD970720011CB59 /* Debug */ = {
			isa = XCBuildConfiguration;
			buildSettings = {
				ALWAYS_SEARCH_USER_PATHS = NO;
				CLANG_CXX_LANGUAGE_STANDARD = "gnu++0x";
				CLANG_CXX_LIBRARY = "libc++";
				CLANG_ENABLE_MODULES = YES;
				CLANG_ENABLE_OBJC_ARC = YES;
				CLANG_WARN_BOOL_CONVERSION = YES;
				CLANG_WARN_CONSTANT_CONVERSION = YES;
				CLANG_WARN_DIRECT_OBJC_ISA_USAGE = YES_ERROR;
				CLANG_WARN_EMPTY_BODY = YES;
				CLANG_WARN_ENUM_CONVERSION = YES;
				CLANG_WARN_INT_CONVERSION = YES;
				CLANG_WARN_OBJC_ROOT_CLASS = YES_ERROR;
				CLANG_WARN_UNREACHABLE_CODE = YES;
				CLANG_WARN__DUPLICATE_METHOD_MATCH = YES;
				"CODE_SIGN_IDENTITY[sdk=iphoneos*]" = "iPhone Developer";
				COPY_PHASE_STRIP = NO;
				DEBUG_INFORMATION_FORMAT = "dwarf-with-dsym";
				ENABLE_STRICT_OBJC_MSGSEND = YES;
				ENABLE_TESTABILITY = YES;
				GCC_C_LANGUAGE_STANDARD = gnu99;
				GCC_DYNAMIC_NO_PIC = NO;
				GCC_NO_COMMON_BLOCKS = YES;
				GCC_OPTIMIZATION_LEVEL = 0;
				GCC_PREPROCESSOR_DEFINITIONS = (
					"DEBUG=1",
					"$(inherited)",
				);
				GCC_WARN_64_TO_32_BIT_CONVERSION = YES;
				GCC_WARN_ABOUT_RETURN_TYPE = YES_ERROR;
				GCC_WARN_UNDECLARED_SELECTOR = YES;
				GCC_WARN_UNINITIALIZED_AUTOS = YES_AGGRESSIVE;
				GCC_WARN_UNUSED_FUNCTION = YES;
				GCC_WARN_UNUSED_VARIABLE = YES;
				IPHONEOS_DEPLOYMENT_TARGET = 9.0;
				MTL_ENABLE_DEBUG_INFO = YES;
				ONLY_ACTIVE_ARCH = YES;
				SDKROOT = iphoneos;
				SWIFT_OPTIMIZATION_LEVEL = "-Onone";
			};
			name = Debug;
		};
		52AF0D461BD970720011CB59 /* Release */ = {
			isa = XCBuildConfiguration;
			buildSettings = {
				ALWAYS_SEARCH_USER_PATHS = NO;
				CLANG_CXX_LANGUAGE_STANDARD = "gnu++0x";
				CLANG_CXX_LIBRARY = "libc++";
				CLANG_ENABLE_MODULES = YES;
				CLANG_ENABLE_OBJC_ARC = YES;
				CLANG_WARN_BOOL_CONVERSION = YES;
				CLANG_WARN_CONSTANT_CONVERSION = YES;
				CLANG_WARN_DIRECT_OBJC_ISA_USAGE = YES_ERROR;
				CLANG_WARN_EMPTY_BODY = YES;
				CLANG_WARN_ENUM_CONVERSION = YES;
				CLANG_WARN_INT_CONVERSION = YES;
				CLANG_WARN_OBJC_ROOT_CLASS = YES_ERROR;
				CLANG_WARN_UNREACHABLE_CODE = YES;
				CLANG_WARN__DUPLICATE_METHOD_MATCH = YES;
				"CODE_SIGN_IDENTITY[sdk=iphoneos*]" = "iPhone Developer";
				COPY_PHASE_STRIP = NO;
				DEBUG_INFORMATION_FORMAT = "dwarf-with-dsym";
				ENABLE_NS_ASSERTIONS = NO;
				ENABLE_STRICT_OBJC_MSGSEND = YES;
				GCC_C_LANGUAGE_STANDARD = gnu99;
				GCC_NO_COMMON_BLOCKS = YES;
				GCC_WARN_64_TO_32_BIT_CONVERSION = YES;
				GCC_WARN_ABOUT_RETURN_TYPE = YES_ERROR;
				GCC_WARN_UNDECLARED_SELECTOR = YES;
				GCC_WARN_UNINITIALIZED_AUTOS = YES_AGGRESSIVE;
				GCC_WARN_UNUSED_FUNCTION = YES;
				GCC_WARN_UNUSED_VARIABLE = YES;
				IPHONEOS_DEPLOYMENT_TARGET = 9.0;
				MTL_ENABLE_DEBUG_INFO = NO;
				SDKROOT = iphoneos;
				VALIDATE_PRODUCT = YES;
			};
			name = Release;
		};
		52AF0D481BD970720011CB59 /* Debug */ = {
			isa = XCBuildConfiguration;
			buildSettings = {
				CLANG_ENABLE_MODULES = YES;
				CODE_SIGN_IDENTITY = "iPhone Developer";
				INFOPLIST_FILE = "$(SRCROOT)/Info.plist";
				LD_RUNPATH_SEARCH_PATHS = "$(inherited) @executable_path/Frameworks";
				PRODUCT_BUNDLE_IDENTIFIER = com.everyside.Phototrope;
				PRODUCT_NAME = "$(TARGET_NAME)";
				SWIFT_OBJC_BRIDGING_HEADER = "Phototrope-Bridging-Header.h";
				SWIFT_OPTIMIZATION_LEVEL = "-Onone";
			};
			name = Debug;
		};
		52AF0D491BD970720011CB59 /* Release */ = {
			isa = XCBuildConfiguration;
			buildSettings = {
				CLANG_ENABLE_MODULES = YES;
				CODE_SIGN_IDENTITY = "iPhone Developer";
				INFOPLIST_FILE = "$(SRCROOT)/Info.plist";
				LD_RUNPATH_SEARCH_PATHS = "$(inherited) @executable_path/Frameworks";
				PRODUCT_BUNDLE_IDENTIFIER = com.everyside.Phototrope;
				PRODUCT_NAME = "$(TARGET_NAME)";
				SWIFT_OBJC_BRIDGING_HEADER = "Phototrope-Bridging-Header.h";
			};
			name = Release;
		};
/* End XCBuildConfiguration section */

/* Begin XCConfigurationList section */
		52AF0D161BD970720011CB59 /* Build configuration list for PBXProject "Phototrope" */ = {
			isa = XCConfigurationList;
			buildConfigurations = (
				52AF0D451BD970720011CB59 /* Debug */,
				52AF0D461BD970720011CB59 /* Release */,
			);
			defaultConfigurationIsVisible = 0;
			defaultConfigurationName = Release;
		};
		52AF0D471BD970720011CB59 /* Build configuration list for PBXNativeTarget "Phototrope" */ = {
			isa = XCConfigurationList;
			buildConfigurations = (
				52AF0D481BD970720011CB59 /* Debug */,
				52AF0D491BD970720011CB59 /* Release */,
			);
			defaultConfigurationIsVisible = 0;
			defaultConfigurationName = Release;
		};
/* End XCConfigurationList section */
	};
	rootObject = 52AF0D131BD970720011CB59 /* Project object */;
}
